PODS:
  - Alamofire (4.5.0)
  - ObjectMapper (2.2.7)
  - ReSwift (3.0.0)
  - ReSwiftRouter (0.5.1):
    - ReSwift (~> 3.0.0)

DEPENDENCIES:
  - Alamofire
  - ObjectMapper
  - ReSwift
  - ReSwiftRouter

SPEC CHECKSUMS:
  Alamofire: f28cdffd29de33a7bfa022cbd63ae95a27fae140
  ObjectMapper: 65abcfd9a61cf7396cbd14a4fb22fddfcc46577e
  ReSwift: f0255f4b4f2dacd12c5d97d34d13fc5dad6d6371
  ReSwiftRouter: c620138bf94b57c068f789d51c0bd23efc42bf68

PODFILE CHECKSUM: cfad1f13973e8a1bf7ba7164a0262324fd62e1f6

COCOAPODS: 1.2.0
