// !$*UTF8*$!
{
	archiveVersion = 1;
	classes = {
	};
	objectVersion = 46;
	objects = {

/* Begin PBXBuildFile section */
		6C59AE3C567F3865F212B71A /* Pods_HackerNewsTests.framework in Frameworks */ = {isa = PBXBuildFile; fileRef = 496A5BBD930521CBAA0D2298 /* Pods_HackerNewsTests.framework */; };
		91A2221025C8E689187E33DD /* Pods_HackerNews.framework in Frameworks */ = {isa = PBXBuildFile; fileRef = 5579A530DA8AC4FFD157900B /* Pods_HackerNews.framework */; };
		E7707C371E23BEE80010F6EB /* AppState.swift in Sources */ = {isa = PBXBuildFile; fileRef = E7707C361E23BEE80010F6EB /* AppState.swift */; };
		E7707C461E23EA1D0010F6EB /* AppReducer.swift in Sources */ = {isa = PBXBuildFile; fileRef = E7707C451E23EA1D0010F6EB /* AppReducer.swift */; };
		E7707C481E23EAEB0010F6EB /* Routes.swift in Sources */ = {isa = PBXBuildFile; fileRef = E7707C471E23EAEB0010F6EB /* Routes.swift */; };
		E770A0DC1E377ED500BEC9D0 /* NewsListCell.swift in Sources */ = {isa = PBXBuildFile; fileRef = E770A0DB1E377ED500BEC9D0 /* NewsListCell.swift */; };
		E7AA85741E3216ED00AD851E /* Article.swift in Sources */ = {isa = PBXBuildFile; fileRef = E7AA85731E3216ED00AD851E /* Article.swift */; };
		E7AA85761E3217EA00AD851E /* Comment.swift in Sources */ = {isa = PBXBuildFile; fileRef = E7AA85751E3217EA00AD851E /* Comment.swift */; };
		E7AA85791E32240700AD851E /* NetworkRouter.swift in Sources */ = {isa = PBXBuildFile; fileRef = E7AA85781E32240700AD851E /* NetworkRouter.swift */; };
		E7AA857C1E323D0500AD851E /* ArticlesReducer.swift in Sources */ = {isa = PBXBuildFile; fileRef = E7AA857B1E323D0500AD851E /* ArticlesReducer.swift */; };
		E7AA857F1E323EDB00AD851E /* ArticlesAction.swift in Sources */ = {isa = PBXBuildFile; fileRef = E7AA857E1E323EDB00AD851E /* ArticlesAction.swift */; };
		E7AA85811E32441500AD851E /* APIRequests.swift in Sources */ = {isa = PBXBuildFile; fileRef = E7AA85801E32441400AD851E /* APIRequests.swift */; };
		E7AA85841E32453A00AD851E /* AlamofireHelpers.swift in Sources */ = {isa = PBXBuildFile; fileRef = E7AA85831E32453A00AD851E /* AlamofireHelpers.swift */; };
		E7C721FE1E1FCDED00D5B84A /* AppDelegate.swift in Sources */ = {isa = PBXBuildFile; fileRef = E7C721FD1E1FCDED00D5B84A /* AppDelegate.swift */; };
		E7C722001E1FCDED00D5B84A /* NewsListViewController.swift in Sources */ = {isa = PBXBuildFile; fileRef = E7C721FF1E1FCDED00D5B84A /* NewsListViewController.swift */; };
		E7C722031E1FCDED00D5B84A /* Main.storyboard in Resources */ = {isa = PBXBuildFile; fileRef = E7C722011E1FCDED00D5B84A /* Main.storyboard */; };
		E7C722051E1FCDED00D5B84A /* Assets.xcassets in Resources */ = {isa = PBXBuildFile; fileRef = E7C722041E1FCDED00D5B84A /* Assets.xcassets */; };
		E7C722081E1FCDED00D5B84A /* LaunchScreen.storyboard in Resources */ = {isa = PBXBuildFile; fileRef = E7C722061E1FCDED00D5B84A /* LaunchScreen.storyboard */; };
		E7C722131E1FCDED00D5B84A /* HackerNewsTests.swift in Sources */ = {isa = PBXBuildFile; fileRef = E7C722121E1FCDED00D5B84A /* HackerNewsTests.swift */; };
/* End PBXBuildFile section */

/* Begin PBXContainerItemProxy section */
		E7C7220F1E1FCDED00D5B84A /* PBXContainerItemProxy */ = {
			isa = PBXContainerItemProxy;
			containerPortal = E7C721F21E1FCDED00D5B84A /* Project object */;
			proxyType = 1;
			remoteGlobalIDString = E7C721F91E1FCDED00D5B84A;
			remoteInfo = HackerNews;
		};
/* End PBXContainerItemProxy section */

/* Begin PBXFileReference section */
		1012686CFBDE068DB0FD5C97 /* Pods-HackerNewsTests.release.xcconfig */ = {isa = PBXFileReference; includeInIndex = 1; lastKnownFileType = text.xcconfig; name = "Pods-HackerNewsTests.release.xcconfig"; path = "Pods/Target Support Files/Pods-HackerNewsTests/Pods-HackerNewsTests.release.xcconfig"; sourceTree = "<group>"; };
		496A5BBD930521CBAA0D2298 /* Pods_HackerNewsTests.framework */ = {isa = PBXFileReference; explicitFileType = wrapper.framework; includeInIndex = 0; path = Pods_HackerNewsTests.framework; sourceTree = BUILT_PRODUCTS_DIR; };
		5579A530DA8AC4FFD157900B /* Pods_HackerNews.framework */ = {isa = PBXFileReference; explicitFileType = wrapper.framework; includeInIndex = 0; path = Pods_HackerNews.framework; sourceTree = BUILT_PRODUCTS_DIR; };
		92377048168C68755E0BAC22 /* Pods-HackerNews.release.xcconfig */ = {isa = PBXFileReference; includeInIndex = 1; lastKnownFileType = text.xcconfig; name = "Pods-HackerNews.release.xcconfig"; path = "Pods/Target Support Files/Pods-HackerNews/Pods-HackerNews.release.xcconfig"; sourceTree = "<group>"; };
		D0AEA43EB0C1024B22288A1A /* Pods-HackerNews.debug.xcconfig */ = {isa = PBXFileReference; includeInIndex = 1; lastKnownFileType = text.xcconfig; name = "Pods-HackerNews.debug.xcconfig"; path = "Pods/Target Support Files/Pods-HackerNews/Pods-HackerNews.debug.xcconfig"; sourceTree = "<group>"; };
		DDFF81B0902D2A8C368148BF /* Pods-HackerNewsTests.debug.xcconfig */ = {isa = PBXFileReference; includeInIndex = 1; lastKnownFileType = text.xcconfig; name = "Pods-HackerNewsTests.debug.xcconfig"; path = "Pods/Target Support Files/Pods-HackerNewsTests/Pods-HackerNewsTests.debug.xcconfig"; sourceTree = "<group>"; };
		E7707C361E23BEE80010F6EB /* AppState.swift */ = {isa = PBXFileReference; fileEncoding = 4; lastKnownFileType = sourcecode.swift; path = AppState.swift; sourceTree = "<group>"; };
		E7707C451E23EA1D0010F6EB /* AppReducer.swift */ = {isa = PBXFileReference; fileEncoding = 4; lastKnownFileType = sourcecode.swift; path = AppReducer.swift; sourceTree = "<group>"; };
		E7707C471E23EAEB0010F6EB /* Routes.swift */ = {isa = PBXFileReference; fileEncoding = 4; lastKnownFileType = sourcecode.swift; path = Routes.swift; sourceTree = "<group>"; };
		E770A0DB1E377ED500BEC9D0 /* NewsListCell.swift */ = {isa = PBXFileReference; fileEncoding = 4; lastKnownFileType = sourcecode.swift; path = NewsListCell.swift; sourceTree = "<group>"; };
		E7AA85731E3216ED00AD851E /* Article.swift */ = {isa = PBXFileReference; fileEncoding = 4; lastKnownFileType = sourcecode.swift; path = Article.swift; sourceTree = "<group>"; };
		E7AA85751E3217EA00AD851E /* Comment.swift */ = {isa = PBXFileReference; fileEncoding = 4; lastKnownFileType = sourcecode.swift; path = Comment.swift; sourceTree = "<group>"; };
		E7AA85781E32240700AD851E /* NetworkRouter.swift */ = {isa = PBXFileReference; fileEncoding = 4; lastKnownFileType = sourcecode.swift; path = NetworkRouter.swift; sourceTree = "<group>"; };
		E7AA857A1E32287F00AD851E /* BridgeHeader.h */ = {isa = PBXFileReference; lastKnownFileType = sourcecode.c.h; path = BridgeHeader.h; sourceTree = "<group>"; };
		E7AA857B1E323D0500AD851E /* ArticlesReducer.swift */ = {isa = PBXFileReference; fileEncoding = 4; lastKnownFileType = sourcecode.swift; path = ArticlesReducer.swift; sourceTree = "<group>"; };
		E7AA857E1E323EDB00AD851E /* ArticlesAction.swift */ = {isa = PBXFileReference; fileEncoding = 4; lastKnownFileType = sourcecode.swift; path = ArticlesAction.swift; sourceTree = "<group>"; };
		E7AA85801E32441400AD851E /* APIRequests.swift */ = {isa = PBXFileReference; fileEncoding = 4; lastKnownFileType = sourcecode.swift; path = APIRequests.swift; sourceTree = "<group>"; };
		E7AA85831E32453A00AD851E /* AlamofireHelpers.swift */ = {isa = PBXFileReference; fileEncoding = 4; lastKnownFileType = sourcecode.swift; path = AlamofireHelpers.swift; sourceTree = "<group>"; };
		E7C721FA1E1FCDED00D5B84A /* HackerNews.app */ = {isa = PBXFileReference; explicitFileType = wrapper.application; includeInIndex = 0; path = HackerNews.app; sourceTree = BUILT_PRODUCTS_DIR; };
		E7C721FD1E1FCDED00D5B84A /* AppDelegate.swift */ = {isa = PBXFileReference; lastKnownFileType = sourcecode.swift; path = AppDelegate.swift; sourceTree = "<group>"; };
		E7C721FF1E1FCDED00D5B84A /* NewsListViewController.swift */ = {isa = PBXFileReference; lastKnownFileType = sourcecode.swift; path = NewsListViewController.swift; sourceTree = "<group>"; };
		E7C722021E1FCDED00D5B84A /* Base */ = {isa = PBXFileReference; lastKnownFileType = file.storyboard; name = Base; path = Base.lproj/Main.storyboard; sourceTree = "<group>"; };
		E7C722041E1FCDED00D5B84A /* Assets.xcassets */ = {isa = PBXFileReference; lastKnownFileType = folder.assetcatalog; path = Assets.xcassets; sourceTree = "<group>"; };
		E7C722071E1FCDED00D5B84A /* Base */ = {isa = PBXFileReference; lastKnownFileType = file.storyboard; name = Base; path = Base.lproj/LaunchScreen.storyboard; sourceTree = "<group>"; };
		E7C722091E1FCDED00D5B84A /* Info.plist */ = {isa = PBXFileReference; lastKnownFileType = text.plist.xml; path = Info.plist; sourceTree = "<group>"; };
		E7C7220E1E1FCDED00D5B84A /* HackerNewsTests.xctest */ = {isa = PBXFileReference; explicitFileType = wrapper.cfbundle; includeInIndex = 0; path = HackerNewsTests.xctest; sourceTree = BUILT_PRODUCTS_DIR; };
		E7C722121E1FCDED00D5B84A /* HackerNewsTests.swift */ = {isa = PBXFileReference; lastKnownFileType = sourcecode.swift; path = HackerNewsTests.swift; sourceTree = "<group>"; };
		E7C722141E1FCDED00D5B84A /* Info.plist */ = {isa = PBXFileReference; lastKnownFileType = text.plist.xml; path = Info.plist; sourceTree = "<group>"; };
/* End PBXFileReference section */

/* Begin PBXFrameworksBuildPhase section */
		E7C721F71E1FCDED00D5B84A /* Frameworks */ = {
			isa = PBXFrameworksBuildPhase;
			buildActionMask = 2147483647;
			files = (
				91A2221025C8E689187E33DD /* Pods_HackerNews.framework in Frameworks */,
			);
			runOnlyForDeploymentPostprocessing = 0;
		};
		E7C7220B1E1FCDED00D5B84A /* Frameworks */ = {
			isa = PBXFrameworksBuildPhase;
			buildActionMask = 2147483647;
			files = (
				6C59AE3C567F3865F212B71A /* Pods_HackerNewsTests.framework in Frameworks */,
			);
			runOnlyForDeploymentPostprocessing = 0;
		};
/* End PBXFrameworksBuildPhase section */

/* Begin PBXGroup section */
		794236476C2C667857441534 /* Pods */ = {
			isa = PBXGroup;
			children = (
				D0AEA43EB0C1024B22288A1A /* Pods-HackerNews.debug.xcconfig */,
				92377048168C68755E0BAC22 /* Pods-HackerNews.release.xcconfig */,
				DDFF81B0902D2A8C368148BF /* Pods-HackerNewsTests.debug.xcconfig */,
				1012686CFBDE068DB0FD5C97 /* Pods-HackerNewsTests.release.xcconfig */,
			);
			name = Pods;
			sourceTree = "<group>";
		};
		A90C873CE30C76D725B55BFC /* Frameworks */ = {
			isa = PBXGroup;
			children = (
				5579A530DA8AC4FFD157900B /* Pods_HackerNews.framework */,
				496A5BBD930521CBAA0D2298 /* Pods_HackerNewsTests.framework */,
			);
			name = Frameworks;
			sourceTree = "<group>";
		};
		E791BF841E3212AF0078B1E7 /* Routes */ = {
			isa = PBXGroup;
			children = (
				E7707C471E23EAEB0010F6EB /* Routes.swift */,
			);
			path = Routes;
			sourceTree = "<group>";
		};
		E7AA856E1E3214F800AD851E /* Reducers */ = {
			isa = PBXGroup;
			children = (
				E7707C451E23EA1D0010F6EB /* AppReducer.swift */,
				E7AA857B1E323D0500AD851E /* ArticlesReducer.swift */,
			);
			path = Reducers;
			sourceTree = "<group>";
		};
		E7AA856F1E32150A00AD851E /* Controller */ = {
			isa = PBXGroup;
			children = (
				E770A0DB1E377ED500BEC9D0 /* NewsListCell.swift */,
				E7C721FF1E1FCDED00D5B84A /* NewsListViewController.swift */,
			);
			path = Controller;
			sourceTree = "<group>";
		};
		E7AA85701E32151F00AD851E /* Storyboards */ = {
			isa = PBXGroup;
			children = (
				E7C722061E1FCDED00D5B84A /* LaunchScreen.storyboard */,
				E7C722011E1FCDED00D5B84A /* Main.storyboard */,
			);
			path = Storyboards;
			sourceTree = "<group>";
		};
		E7AA85711E32153600AD851E /* State */ = {
			isa = PBXGroup;
			children = (
				E7707C361E23BEE80010F6EB /* AppState.swift */,
			);
			path = State;
			sourceTree = "<group>";
		};
		E7AA85721E3216AA00AD851E /* Models */ = {
			isa = PBXGroup;
			children = (
				E7AA85731E3216ED00AD851E /* Article.swift */,
				E7AA85751E3217EA00AD851E /* Comment.swift */,
			);
			path = Models;
			sourceTree = "<group>";
		};
		E7AA85771E3223E000AD851E /* Networking */ = {
			isa = PBXGroup;
			children = (
				E7AA85801E32441400AD851E /* APIRequests.swift */,
				E7AA85781E32240700AD851E /* NetworkRouter.swift */,
			);
			path = Networking;
			sourceTree = "<group>";
		};
		E7AA857D1E323D7B00AD851E /* Actions */ = {
			isa = PBXGroup;
			children = (
				E7AA857E1E323EDB00AD851E /* ArticlesAction.swift */,
			);
			path = Actions;
			sourceTree = "<group>";
		};
		E7AA85821E32452800AD851E /* Helpers */ = {
			isa = PBXGroup;
			children = (
				E7AA85831E32453A00AD851E /* AlamofireHelpers.swift */,
			);
			path = Helpers;
			sourceTree = "<group>";
		};
		E7C721F11E1FCDED00D5B84A = {
			isa = PBXGroup;
			children = (
				A90C873CE30C76D725B55BFC /* Frameworks */,
				E7C721FC1E1FCDED00D5B84A /* HackerNews */,
				E7C722111E1FCDED00D5B84A /* HackerNewsTests */,
				794236476C2C667857441534 /* Pods */,
				E7C721FB1E1FCDED00D5B84A /* Products */,
			);
			sourceTree = "<group>";
		};
		E7C721FB1E1FCDED00D5B84A /* Products */ = {
			isa = PBXGroup;
			children = (
				E7C721FA1E1FCDED00D5B84A /* HackerNews.app */,
				E7C7220E1E1FCDED00D5B84A /* HackerNewsTests.xctest */,
			);
			name = Products;
			sourceTree = "<group>";
		};
		E7C721FC1E1FCDED00D5B84A /* HackerNews */ = {
			isa = PBXGroup;
			children = (
				E7AA857D1E323D7B00AD851E /* Actions */,
				E7AA856F1E32150A00AD851E /* Controller */,
				E7AA85821E32452800AD851E /* Helpers */,
				E7AA85721E3216AA00AD851E /* Models */,
				E7AA85771E3223E000AD851E /* Networking */,
				E7AA856E1E3214F800AD851E /* Reducers */,
				E791BF841E3212AF0078B1E7 /* Routes */,
				E7AA85711E32153600AD851E /* State */,
				E7AA85701E32151F00AD851E /* Storyboards */,
				E7C721FD1E1FCDED00D5B84A /* AppDelegate.swift */,
				E7C722041E1FCDED00D5B84A /* Assets.xcassets */,
				E7AA857A1E32287F00AD851E /* BridgeHeader.h */,
				E7C722091E1FCDED00D5B84A /* Info.plist */,
			);
			path = HackerNews;
			sourceTree = "<group>";
		};
		E7C722111E1FCDED00D5B84A /* HackerNewsTests */ = {
			isa = PBXGroup;
			children = (
				E7C722121E1FCDED00D5B84A /* HackerNewsTests.swift */,
				E7C722141E1FCDED00D5B84A /* Info.plist */,
			);
			path = HackerNewsTests;
			sourceTree = "<group>";
		};
/* End PBXGroup section */

/* Begin PBXNativeTarget section */
		E7C721F91E1FCDED00D5B84A /* HackerNews */ = {
			isa = PBXNativeTarget;
			buildConfigurationList = E7C722171E1FCDED00D5B84A /* Build configuration list for PBXNativeTarget "HackerNews" */;
			buildPhases = (
				9AFE79F3A4CD79D225176D05 /* [CP] Check Pods Manifest.lock */,
				E7C721F61E1FCDED00D5B84A /* Sources */,
				E7C721F71E1FCDED00D5B84A /* Frameworks */,
				E7C721F81E1FCDED00D5B84A /* Resources */,
				67ABF5D7726972B02D7BEA89 /* [CP] Embed Pods Frameworks */,
				5742B590692826AA1C1A9553 /* [CP] Copy Pods Resources */,
			);
			buildRules = (
			);
			dependencies = (
			);
			name = HackerNews;
			productName = HackerNews;
			productReference = E7C721FA1E1FCDED00D5B84A /* HackerNews.app */;
			productType = "com.apple.product-type.application";
		};
		E7C7220D1E1FCDED00D5B84A /* HackerNewsTests */ = {
			isa = PBXNativeTarget;
			buildConfigurationList = E7C7221A1E1FCDED00D5B84A /* Build configuration list for PBXNativeTarget "HackerNewsTests" */;
			buildPhases = (
				5A35167848635E1B93797312 /* [CP] Check Pods Manifest.lock */,
				E7C7220A1E1FCDED00D5B84A /* Sources */,
				E7C7220B1E1FCDED00D5B84A /* Frameworks */,
				E7C7220C1E1FCDED00D5B84A /* Resources */,
				F4D0F6BF8CF8D364797C2B56 /* [CP] Embed Pods Frameworks */,
				14D462EB75C4BC8644977F25 /* [CP] Copy Pods Resources */,
			);
			buildRules = (
			);
			dependencies = (
				E7C722101E1FCDED00D5B84A /* PBXTargetDependency */,
			);
			name = HackerNewsTests;
			productName = HackerNewsTests;
			productReference = E7C7220E1E1FCDED00D5B84A /* HackerNewsTests.xctest */;
			productType = "com.apple.product-type.bundle.unit-test";
		};
/* End PBXNativeTarget section */

/* Begin PBXProject section */
		E7C721F21E1FCDED00D5B84A /* Project object */ = {
			isa = PBXProject;
			attributes = {
				LastSwiftUpdateCheck = 0810;
				LastUpgradeCheck = 0900;
				ORGANIZATIONNAME = "Ellina Kuznetcova";
				TargetAttributes = {
					E7C721F91E1FCDED00D5B84A = {
						CreatedOnToolsVersion = 8.1;
						DevelopmentTeam = Y49MTY8CU2;
						ProvisioningStyle = Automatic;
					};
					E7C7220D1E1FCDED00D5B84A = {
						CreatedOnToolsVersion = 8.1;
						DevelopmentTeam = Y49MTY8CU2;
						ProvisioningStyle = Automatic;
						TestTargetID = E7C721F91E1FCDED00D5B84A;
					};
				};
			};
			buildConfigurationList = E7C721F51E1FCDED00D5B84A /* Build configuration list for PBXProject "HackerNews" */;
			compatibilityVersion = "Xcode 3.2";
			developmentRegion = English;
			hasScannedForEncodings = 0;
			knownRegions = (
				en,
				Base,
			);
			mainGroup = E7C721F11E1FCDED00D5B84A;
			productRefGroup = E7C721FB1E1FCDED00D5B84A /* Products */;
			projectDirPath = "";
			projectRoot = "";
			targets = (
				E7C721F91E1FCDED00D5B84A /* HackerNews */,
				E7C7220D1E1FCDED00D5B84A /* HackerNewsTests */,
			);
		};
/* End PBXProject section */

/* Begin PBXResourcesBuildPhase section */
		E7C721F81E1FCDED00D5B84A /* Resources */ = {
			isa = PBXResourcesBuildPhase;
			buildActionMask = 2147483647;
			files = (
				E7C722081E1FCDED00D5B84A /* LaunchScreen.storyboard in Resources */,
				E7C722051E1FCDED00D5B84A /* Assets.xcassets in Resources */,
				E7C722031E1FCDED00D5B84A /* Main.storyboard in Resources */,
			);
			runOnlyForDeploymentPostprocessing = 0;
		};
		E7C7220C1E1FCDED00D5B84A /* Resources */ = {
			isa = PBXResourcesBuildPhase;
			buildActionMask = 2147483647;
			files = (
			);
			runOnlyForDeploymentPostprocessing = 0;
		};
/* End PBXResourcesBuildPhase section */

/* Begin PBXShellScriptBuildPhase section */
		14D462EB75C4BC8644977F25 /* [CP] Copy Pods Resources */ = {
			isa = PBXShellScriptBuildPhase;
			buildActionMask = 2147483647;
			files = (
			);
			inputPaths = (
			);
			name = "[CP] Copy Pods Resources";
			outputPaths = (
			);
			runOnlyForDeploymentPostprocessing = 0;
			shellPath = /bin/sh;
			shellScript = "\"${SRCROOT}/Pods/Target Support Files/Pods-HackerNewsTests/Pods-HackerNewsTests-resources.sh\"\n";
			showEnvVarsInLog = 0;
		};
		5742B590692826AA1C1A9553 /* [CP] Copy Pods Resources */ = {
			isa = PBXShellScriptBuildPhase;
			buildActionMask = 2147483647;
			files = (
			);
			inputPaths = (
			);
			name = "[CP] Copy Pods Resources";
			outputPaths = (
			);
			runOnlyForDeploymentPostprocessing = 0;
			shellPath = /bin/sh;
			shellScript = "\"${SRCROOT}/Pods/Target Support Files/Pods-HackerNews/Pods-HackerNews-resources.sh\"\n";
			showEnvVarsInLog = 0;
		};
		5A35167848635E1B93797312 /* [CP] Check Pods Manifest.lock */ = {
			isa = PBXShellScriptBuildPhase;
			buildActionMask = 2147483647;
			files = (
			);
			inputPaths = (
			);
			name = "[CP] Check Pods Manifest.lock";
			outputPaths = (
			);
			runOnlyForDeploymentPostprocessing = 0;
			shellPath = /bin/sh;
			shellScript = "diff \"${PODS_ROOT}/../Podfile.lock\" \"${PODS_ROOT}/Manifest.lock\" > /dev/null\nif [ $? != 0 ] ; then\n    # print error to STDERR\n    echo \"error: The sandbox is not in sync with the Podfile.lock. Run 'pod install' or update your CocoaPods installation.\" >&2\n    exit 1\nfi\n";
			showEnvVarsInLog = 0;
		};
		67ABF5D7726972B02D7BEA89 /* [CP] Embed Pods Frameworks */ = {
			isa = PBXShellScriptBuildPhase;
			buildActionMask = 2147483647;
			files = (
			);
			inputPaths = (
			);
			name = "[CP] Embed Pods Frameworks";
			outputPaths = (
			);
			runOnlyForDeploymentPostprocessing = 0;
			shellPath = /bin/sh;
			shellScript = "\"${SRCROOT}/Pods/Target Support Files/Pods-HackerNews/Pods-HackerNews-frameworks.sh\"\n";
			showEnvVarsInLog = 0;
		};
		9AFE79F3A4CD79D225176D05 /* [CP] Check Pods Manifest.lock */ = {
			isa = PBXShellScriptBuildPhase;
			buildActionMask = 2147483647;
			files = (
			);
			inputPaths = (
			);
			name = "[CP] Check Pods Manifest.lock";
			outputPaths = (
			);
			runOnlyForDeploymentPostprocessing = 0;
			shellPath = /bin/sh;
			shellScript = "diff \"${PODS_ROOT}/../Podfile.lock\" \"${PODS_ROOT}/Manifest.lock\" > /dev/null\nif [ $? != 0 ] ; then\n    # print error to STDERR\n    echo \"error: The sandbox is not in sync with the Podfile.lock. Run 'pod install' or update your CocoaPods installation.\" >&2\n    exit 1\nfi\n";
			showEnvVarsInLog = 0;
		};
		F4D0F6BF8CF8D364797C2B56 /* [CP] Embed Pods Frameworks */ = {
			isa = PBXShellScriptBuildPhase;
			buildActionMask = 2147483647;
			files = (
			);
			inputPaths = (
			);
			name = "[CP] Embed Pods Frameworks";
			outputPaths = (
			);
			runOnlyForDeploymentPostprocessing = 0;
			shellPath = /bin/sh;
			shellScript = "\"${SRCROOT}/Pods/Target Support Files/Pods-HackerNewsTests/Pods-HackerNewsTests-frameworks.sh\"\n";
			showEnvVarsInLog = 0;
		};
/* End PBXShellScriptBuildPhase section */

/* Begin PBXSourcesBuildPhase section */
		E7C721F61E1FCDED00D5B84A /* Sources */ = {
			isa = PBXSourcesBuildPhase;
			buildActionMask = 2147483647;
			files = (
				E7707C371E23BEE80010F6EB /* AppState.swift in Sources */,
				E7707C481E23EAEB0010F6EB /* Routes.swift in Sources */,
				E7AA85741E3216ED00AD851E /* Article.swift in Sources */,
				E7AA85761E3217EA00AD851E /* Comment.swift in Sources */,
				E7AA85841E32453A00AD851E /* AlamofireHelpers.swift in Sources */,
				E7AA857F1E323EDB00AD851E /* ArticlesAction.swift in Sources */,
				E7AA85811E32441500AD851E /* APIRequests.swift in Sources */,
				E7AA857C1E323D0500AD851E /* ArticlesReducer.swift in Sources */,
				E7C722001E1FCDED00D5B84A /* NewsListViewController.swift in Sources */,
				E7C721FE1E1FCDED00D5B84A /* AppDelegate.swift in Sources */,
				E770A0DC1E377ED500BEC9D0 /* NewsListCell.swift in Sources */,
				E7AA85791E32240700AD851E /* NetworkRouter.swift in Sources */,
				E7707C461E23EA1D0010F6EB /* AppReducer.swift in Sources */,
			);
			runOnlyForDeploymentPostprocessing = 0;
		};
		E7C7220A1E1FCDED00D5B84A /* Sources */ = {
			isa = PBXSourcesBuildPhase;
			buildActionMask = 2147483647;
			files = (
				E7C722131E1FCDED00D5B84A /* HackerNewsTests.swift in Sources */,
			);
			runOnlyForDeploymentPostprocessing = 0;
		};
/* End PBXSourcesBuildPhase section */

/* Begin PBXTargetDependency section */
		E7C722101E1FCDED00D5B84A /* PBXTargetDependency */ = {
			isa = PBXTargetDependency;
			target = E7C721F91E1FCDED00D5B84A /* HackerNews */;
			targetProxy = E7C7220F1E1FCDED00D5B84A /* PBXContainerItemProxy */;
		};
/* End PBXTargetDependency section */

/* Begin PBXVariantGroup section */
		E7C722011E1FCDED00D5B84A /* Main.storyboard */ = {
			isa = PBXVariantGroup;
			children = (
				E7C722021E1FCDED00D5B84A /* Base */,
			);
			name = Main.storyboard;
			path = .;
			sourceTree = "<group>";
		};
		E7C722061E1FCDED00D5B84A /* LaunchScreen.storyboard */ = {
			isa = PBXVariantGroup;
			children = (
				E7C722071E1FCDED00D5B84A /* Base */,
			);
			name = LaunchScreen.storyboard;
			path = .;
			sourceTree = "<group>";
		};
/* End PBXVariantGroup section */

/* Begin XCBuildConfiguration section */
		E7C722151E1FCDED00D5B84A /* Debug */ = {
			isa = XCBuildConfiguration;
			buildSettings = {
				ALWAYS_SEARCH_USER_PATHS = NO;
				CLANG_ANALYZER_NONNULL = YES;
				CLANG_CXX_LANGUAGE_STANDARD = "gnu++0x";
				CLANG_CXX_LIBRARY = "libc++";
				CLANG_ENABLE_MODULES = YES;
				CLANG_ENABLE_OBJC_ARC = YES;
				CLANG_WARN_BLOCK_CAPTURE_AUTORELEASING = YES;
				CLANG_WARN_BOOL_CONVERSION = YES;
				CLANG_WARN_COMMA = YES;
				CLANG_WARN_CONSTANT_CONVERSION = YES;
				CLANG_WARN_DIRECT_OBJC_ISA_USAGE = YES_ERROR;
				CLANG_WARN_DOCUMENTATION_COMMENTS = YES;
				CLANG_WARN_EMPTY_BODY = YES;
				CLANG_WARN_ENUM_CONVERSION = YES;
				CLANG_WARN_INFINITE_RECURSION = YES;
				CLANG_WARN_INT_CONVERSION = YES;
				CLANG_WARN_NON_LITERAL_NULL_CONVERSION = YES;
				CLANG_WARN_OBJC_LITERAL_CONVERSION = YES;
				CLANG_WARN_OBJC_ROOT_CLASS = YES_ERROR;
				CLANG_WARN_RANGE_LOOP_ANALYSIS = YES;
				CLANG_WARN_STRICT_PROTOTYPES = YES;
				CLANG_WARN_SUSPICIOUS_MOVE = YES;
				CLANG_WARN_SUSPICIOUS_MOVES = YES;
				CLANG_WARN_UNREACHABLE_CODE = YES;
				CLANG_WARN__DUPLICATE_METHOD_MATCH = YES;
				"CODE_SIGN_IDENTITY[sdk=iphoneos*]" = "iPhone Developer";
				COPY_PHASE_STRIP = NO;
				DEBUG_INFORMATION_FORMAT = dwarf;
				ENABLE_STRICT_OBJC_MSGSEND = YES;
				ENABLE_TESTABILITY = YES;
				GCC_C_LANGUAGE_STANDARD = gnu99;
				GCC_DYNAMIC_NO_PIC = NO;
				GCC_NO_COMMON_BLOCKS = YES;
				GCC_OPTIMIZATION_LEVEL = 0;
				GCC_PREPROCESSOR_DEFINITIONS = (
					"DEBUG=1",
					"$(inherited)",
				);
				GCC_WARN_64_TO_32_BIT_CONVERSION = YES;
				GCC_WARN_ABOUT_RETURN_TYPE = YES_ERROR;
				GCC_WARN_UNDECLARED_SELECTOR = YES;
				GCC_WARN_UNINITIALIZED_AUTOS = YES_AGGRESSIVE;
				GCC_WARN_UNUSED_FUNCTION = YES;
				GCC_WARN_UNUSED_VARIABLE = YES;
				IPHONEOS_DEPLOYMENT_TARGET = 10.1;
				MTL_ENABLE_DEBUG_INFO = YES;
				ONLY_ACTIVE_ARCH = YES;
				SDKROOT = iphoneos;
				SWIFT_ACTIVE_COMPILATION_CONDITIONS = DEBUG;
				SWIFT_OPTIMIZATION_LEVEL = "-Onone";
			};
			name = Debug;
		};
		E7C722161E1FCDED00D5B84A /* Release */ = {
			isa = XCBuildConfiguration;
			buildSettings = {
				ALWAYS_SEARCH_USER_PATHS = NO;
				CLANG_ANALYZER_NONNULL = YES;
				CLANG_CXX_LANGUAGE_STANDARD = "gnu++0x";
				CLANG_CXX_LIBRARY = "libc++";
				CLANG_ENABLE_MODULES = YES;
				CLANG_ENABLE_OBJC_ARC = YES;
				CLANG_WARN_BLOCK_CAPTURE_AUTORELEASING = YES;
				CLANG_WARN_BOOL_CONVERSION = YES;
				CLANG_WARN_COMMA = YES;
				CLANG_WARN_CONSTANT_CONVERSION = YES;
				CLANG_WARN_DIRECT_OBJC_ISA_USAGE = YES_ERROR;
				CLANG_WARN_DOCUMENTATION_COMMENTS = YES;
				CLANG_WARN_EMPTY_BODY = YES;
				CLANG_WARN_ENUM_CONVERSION = YES;
				CLANG_WARN_INFINITE_RECURSION = YES;
				CLANG_WARN_INT_CONVERSION = YES;
				CLANG_WARN_NON_LITERAL_NULL_CONVERSION = YES;
				CLANG_WARN_OBJC_LITERAL_CONVERSION = YES;
				CLANG_WARN_OBJC_ROOT_CLASS = YES_ERROR;
				CLANG_WARN_RANGE_LOOP_ANALYSIS = YES;
				CLANG_WARN_STRICT_PROTOTYPES = YES;
				CLANG_WARN_SUSPICIOUS_MOVE = YES;
				CLANG_WARN_SUSPICIOUS_MOVES = YES;
				CLANG_WARN_UNREACHABLE_CODE = YES;
				CLANG_WARN__DUPLICATE_METHOD_MATCH = YES;
				"CODE_SIGN_IDENTITY[sdk=iphoneos*]" = "iPhone Developer";
				COPY_PHASE_STRIP = NO;
				DEBUG_INFORMATION_FORMAT = "dwarf-with-dsym";
				ENABLE_NS_ASSERTIONS = NO;
				ENABLE_STRICT_OBJC_MSGSEND = YES;
				GCC_C_LANGUAGE_STANDARD = gnu99;
				GCC_NO_COMMON_BLOCKS = YES;
				GCC_WARN_64_TO_32_BIT_CONVERSION = YES;
				GCC_WARN_ABOUT_RETURN_TYPE = YES_ERROR;
				GCC_WARN_UNDECLARED_SELECTOR = YES;
				GCC_WARN_UNINITIALIZED_AUTOS = YES_AGGRESSIVE;
				GCC_WARN_UNUSED_FUNCTION = YES;
				GCC_WARN_UNUSED_VARIABLE = YES;
				IPHONEOS_DEPLOYMENT_TARGET = 10.1;
				MTL_ENABLE_DEBUG_INFO = NO;
				SDKROOT = iphoneos;
				SWIFT_OPTIMIZATION_LEVEL = "-Owholemodule";
				VALIDATE_PRODUCT = YES;
			};
			name = Release;
		};
		E7C722181E1FCDED00D5B84A /* Debug */ = {
			isa = XCBuildConfiguration;
			baseConfigurationReference = D0AEA43EB0C1024B22288A1A /* Pods-HackerNews.debug.xcconfig */;
			buildSettings = {
				ASSETCATALOG_COMPILER_APPICON_NAME = AppIcon;
				DEVELOPMENT_TEAM = Y49MTY8CU2;
				INFOPLIST_FILE = HackerNews/Info.plist;
				LD_RUNPATH_SEARCH_PATHS = "$(inherited) @executable_path/Frameworks";
				PRODUCT_BUNDLE_IDENTIFIER = com.ellinakuznetcova.HackerNews;
				PRODUCT_NAME = "$(TARGET_NAME)";
				SWIFT_OBJC_BRIDGING_HEADER = HackerNews/BridgeHeader.h;
				SWIFT_VERSION = 3.0;
			};
			name = Debug;
		};
		E7C722191E1FCDED00D5B84A /* Release */ = {
			isa = XCBuildConfiguration;
			baseConfigurationReference = 92377048168C68755E0BAC22 /* Pods-HackerNews.release.xcconfig */;
			buildSettings = {
				ASSETCATALOG_COMPILER_APPICON_NAME = AppIcon;
				DEVELOPMENT_TEAM = Y49MTY8CU2;
				INFOPLIST_FILE = HackerNews/Info.plist;
				LD_RUNPATH_SEARCH_PATHS = "$(inherited) @executable_path/Frameworks";
				PRODUCT_BUNDLE_IDENTIFIER = com.ellinakuznetcova.HackerNews;
				PRODUCT_NAME = "$(TARGET_NAME)";
				SWIFT_OBJC_BRIDGING_HEADER = HackerNews/BridgeHeader.h;
				SWIFT_VERSION = 3.0;
			};
			name = Release;
		};
		E7C7221B1E1FCDED00D5B84A /* Debug */ = {
			isa = XCBuildConfiguration;
			baseConfigurationReference = DDFF81B0902D2A8C368148BF /* Pods-HackerNewsTests.debug.xcconfig */;
			buildSettings = {
				ALWAYS_EMBED_SWIFT_STANDARD_LIBRARIES = YES;
				BUNDLE_LOADER = "$(TEST_HOST)";
				DEVELOPMENT_TEAM = Y49MTY8CU2;
				INFOPLIST_FILE = HackerNewsTests/Info.plist;
				LD_RUNPATH_SEARCH_PATHS = "$(inherited) @executable_path/Frameworks @loader_path/Frameworks";
				PRODUCT_BUNDLE_IDENTIFIER = com.ellinakuznetcova.HackerNewsTests;
				PRODUCT_NAME = "$(TARGET_NAME)";
				SWIFT_VERSION = 3.0;
				TEST_HOST = "$(BUILT_PRODUCTS_DIR)/HackerNews.app/HackerNews";
			};
			name = Debug;
		};
		E7C7221C1E1FCDED00D5B84A /* Release */ = {
			isa = XCBuildConfiguration;
			baseConfigurationReference = 1012686CFBDE068DB0FD5C97 /* Pods-HackerNewsTests.release.xcconfig */;
			buildSettings = {
				ALWAYS_EMBED_SWIFT_STANDARD_LIBRARIES = YES;
				BUNDLE_LOADER = "$(TEST_HOST)";
				DEVELOPMENT_TEAM = Y49MTY8CU2;
				INFOPLIST_FILE = HackerNewsTests/Info.plist;
				LD_RUNPATH_SEARCH_PATHS = "$(inherited) @executable_path/Frameworks @loader_path/Frameworks";
				PRODUCT_BUNDLE_IDENTIFIER = com.ellinakuznetcova.HackerNewsTests;
				PRODUCT_NAME = "$(TARGET_NAME)";
				SWIFT_VERSION = 3.0;
				TEST_HOST = "$(BUILT_PRODUCTS_DIR)/HackerNews.app/HackerNews";
			};
			name = Release;
		};
/* End XCBuildConfiguration section */

/* Begin XCConfigurationList section */
		E7C721F51E1FCDED00D5B84A /* Build configuration list for PBXProject "HackerNews" */ = {
			isa = XCConfigurationList;
			buildConfigurations = (
				E7C722151E1FCDED00D5B84A /* Debug */,
				E7C722161E1FCDED00D5B84A /* Release */,
			);
			defaultConfigurationIsVisible = 0;
			defaultConfigurationName = Release;
		};
		E7C722171E1FCDED00D5B84A /* Build configuration list for PBXNativeTarget "HackerNews" */ = {
			isa = XCConfigurationList;
			buildConfigurations = (
				E7C722181E1FCDED00D5B84A /* Debug */,
				E7C722191E1FCDED00D5B84A /* Release */,
			);
			defaultConfigurationIsVisible = 0;
			defaultConfigurationName = Release;
		};
		E7C7221A1E1FCDED00D5B84A /* Build configuration list for PBXNativeTarget "HackerNewsTests" */ = {
			isa = XCConfigurationList;
			buildConfigurations = (
				E7C7221B1E1FCDED00D5B84A /* Debug */,
				E7C7221C1E1FCDED00D5B84A /* Release */,
			);
			defaultConfigurationIsVisible = 0;
			defaultConfigurationName = Release;
		};
/* End XCConfigurationList section */
	};
	rootObject = E7C721F21E1FCDED00D5B84A /* Project object */;
}
